{
  "requires": true,
  "lockfileVersion": 1,
  "dependencies": {
    "cookie": {
      "version": "0.4.0",
      "resolved": "https://registry.npm.taobao.org/cookie/download/cookie-0.4.0.tgz",
      "integrity": "sha1-vrQ35wIrO21JAZ0IhmUwPr6cFLo="
    },
    "cookie-parser": {
      "version": "1.4.5",
      "resolved": "https://registry.npm.taobao.org/cookie-parser/download/cookie-parser-1.4.5.tgz",
      "integrity": "sha1-PlctS3wMgPnGHa9gTkM2gxtdHUk=",
      "requires": {
        "cookie": "0.4.0",
        "cookie-signature": "1.0.6"
      }
    },
    "cookie-signature": {
      "version": "1.0.6",
      "resolved": "https://registry.npm.taobao.org/cookie-signature/download/cookie-signature-1.0.6.tgz",
      "integrity": "sha1-4wOogrNCzD7oylE6eZmXNNqzriw="
    },
    "opentype.js": {
      "version": "0.7.3",
      "resolved": "https://registry.npm.taobao.org/opentype.js/download/opentype.js-0.7.3.tgz",
      "integrity": "sha1-QPuM4Yv9YOdESO/f5EKDQJg5eqs=",
      "requires": {
        "tiny-inflate": "^1.0.2"
      }
    },
    "svg-captcha": {
      "version": "1.4.0",
      "resolved": "https://registry.npm.taobao.org/svg-captcha/download/svg-captcha-1.4.0.tgz",
      "integrity": "sha1-MurTxkY5NsIYuzvJ7QT+pO7/5JI=",
      "requires": {
        "opentype.js": "^0.7.3"
      }
    },
    "tiny-inflate": {
      "version": "1.0.3",
      "resolved": "https://registry.npm.taobao.org/tiny-inflate/download/tiny-inflate-1.0.3.tgz",
      "integrity": "sha1-EicVSUkToYBRZqr3yTRnkz7qJsQ="
    }
  }
}
